// !$*UTF8*$!
{
	archiveVersion = 1;
	classes = {
	};
	objectVersion = 46;
	objects = {

/* Begin PBXBuildFile section */
		555ADD5518CFDC4F00B82AFD /* FTBWebViewController.m in Sources */ = {isa = PBXBuildFile; fileRef = 555ADD5418CFDC4F00B82AFD /* FTBWebViewController.m */; };
		555ADD5818D042B700B82AFD /* FTBImageWebTransfer.m in Sources */ = {isa = PBXBuildFile; fileRef = 555ADD5718D042B700B82AFD /* FTBImageWebTransfer.m */; };
		556A38FA18CE91D700986299 /* Foundation.framework in Frameworks */ = {isa = PBXBuildFile; fileRef = 556A38F918CE91D700986299 /* Foundation.framework */; };
		556A38FC18CE91D700986299 /* CoreGraphics.framework in Frameworks */ = {isa = PBXBuildFile; fileRef = 556A38FB18CE91D700986299 /* CoreGraphics.framework */; };
		556A38FE18CE91D700986299 /* UIKit.framework in Frameworks */ = {isa = PBXBuildFile; fileRef = 556A38FD18CE91D700986299 /* UIKit.framework */; };
		556A390418CE91D700986299 /* InfoPlist.strings in Resources */ = {isa = PBXBuildFile; fileRef = 556A390218CE91D700986299 /* InfoPlist.strings */; };
		556A390618CE91D700986299 /* main.m in Sources */ = {isa = PBXBuildFile; fileRef = 556A390518CE91D700986299 /* main.m */; };
		556A390A18CE91D700986299 /* FTBAppDelegate.m in Sources */ = {isa = PBXBuildFile; fileRef = 556A390918CE91D700986299 /* FTBAppDelegate.m */; };
		556A390D18CE91D700986299 /* Main.storyboard in Resources */ = {isa = PBXBuildFile; fileRef = 556A390B18CE91D700986299 /* Main.storyboard */; };
		556A391518CE91D700986299 /* Images.xcassets in Resources */ = {isa = PBXBuildFile; fileRef = 556A391418CE91D700986299 /* Images.xcassets */; };
		556A391C18CE91D700986299 /* XCTest.framework in Frameworks */ = {isa = PBXBuildFile; fileRef = 556A391B18CE91D700986299 /* XCTest.framework */; };
		556A391D18CE91D700986299 /* Foundation.framework in Frameworks */ = {isa = PBXBuildFile; fileRef = 556A38F918CE91D700986299 /* Foundation.framework */; };
		556A391E18CE91D700986299 /* UIKit.framework in Frameworks */ = {isa = PBXBuildFile; fileRef = 556A38FD18CE91D700986299 /* UIKit.framework */; };
		556A392618CE91D700986299 /* InfoPlist.strings in Resources */ = {isa = PBXBuildFile; fileRef = 556A392418CE91D700986299 /* InfoPlist.strings */; };
		556A392818CE91D700986299 /* FuzzTestBasicTests.m in Sources */ = {isa = PBXBuildFile; fileRef = 556A392718CE91D700986299 /* FuzzTestBasicTests.m */; };
		559C9F0518D17311002ACB61 /* FTBTextTableViewController.m in Sources */ = {isa = PBXBuildFile; fileRef = 559C9F0418D17311002ACB61 /* FTBTextTableViewController.m */; };
		559C9F0818D1735C002ACB61 /* FTBPhotoTableViewController.m in Sources */ = {isa = PBXBuildFile; fileRef = 559C9F0718D1735C002ACB61 /* FTBPhotoTableViewController.m */; };
		559C9F0D18D179D8002ACB61 /* FTBPhotoCell.m in Sources */ = {isa = PBXBuildFile; fileRef = 559C9F0A18D179D8002ACB61 /* FTBPhotoCell.m */; };
		559C9F0E18D179D8002ACB61 /* FTBTextContentCell.m in Sources */ = {isa = PBXBuildFile; fileRef = 559C9F0C18D179D8002ACB61 /* FTBTextContentCell.m */; };
		55DE517018CF671C000E9F5B /* DCMCoreDataManager.m in Sources */ = {isa = PBXBuildFile; fileRef = 55DE516D18CF671C000E9F5B /* DCMCoreDataManager.m */; };
		55DE517118CF671C000E9F5B /* DCMWebTransfer.m in Sources */ = {isa = PBXBuildFile; fileRef = 55DE516E18CF671C000E9F5B /* DCMWebTransfer.m */; };
		55DE517418CF67A1000E9F5B /* FuzzTestBasic.xcdatamodeld in Sources */ = {isa = PBXBuildFile; fileRef = 55DE517218CF67A1000E9F5B /* FuzzTestBasic.xcdatamodeld */; };
		55DE517A18CF7DBD000E9F5B /* FTB_ALLTableViewController.m in Sources */ = {isa = PBXBuildFile; fileRef = 55DE517918CF7DBD000E9F5B /* FTB_ALLTableViewController.m */; };
		55DE518218CF979B000E9F5B /* FTBAllContentCell.m in Sources */ = {isa = PBXBuildFile; fileRef = 55DE518118CF979B000E9F5B /* FTBAllContentCell.m */; };
/* End PBXBuildFile section */

/* Begin PBXContainerItemProxy section */
		556A391F18CE91D700986299 /* PBXContainerItemProxy */ = {
			isa = PBXContainerItemProxy;
			containerPortal = 556A38EE18CE91D700986299 /* Project object */;
			proxyType = 1;
			remoteGlobalIDString = 556A38F518CE91D700986299;
			remoteInfo = FuzzTestBasic;
		};
/* End PBXContainerItemProxy section */

/* Begin PBXFileReference section */
		555ADD5318CFDC4F00B82AFD /* FTBWebViewController.h */ = {isa = PBXFileReference; fileEncoding = 4; lastKnownFileType = sourcecode.c.h; path = FTBWebViewController.h; sourceTree = "<group>"; };
		555ADD5418CFDC4F00B82AFD /* FTBWebViewController.m */ = {isa = PBXFileReference; fileEncoding = 4; lastKnownFileType = sourcecode.c.objc; path = FTBWebViewController.m; sourceTree = "<group>"; };
		555ADD5618D0423800B82AFD /* FTBImageWebTransfer.h */ = {isa = PBXFileReference; fileEncoding = 4; lastKnownFileType = sourcecode.c.h; path = FTBImageWebTransfer.h; sourceTree = "<group>"; };
		555ADD5718D042B700B82AFD /* FTBImageWebTransfer.m */ = {isa = PBXFileReference; fileEncoding = 4; lastKnownFileType = sourcecode.c.objc; path = FTBImageWebTransfer.m; sourceTree = "<group>"; };
		556A38F618CE91D700986299 /* FuzzTestBasic.app */ = {isa = PBXFileReference; explicitFileType = wrapper.application; includeInIndex = 0; path = FuzzTestBasic.app; sourceTree = BUILT_PRODUCTS_DIR; };
		556A38F918CE91D700986299 /* Foundation.framework */ = {isa = PBXFileReference; lastKnownFileType = wrapper.framework; name = Foundation.framework; path = System/Library/Frameworks/Foundation.framework; sourceTree = SDKROOT; };
		556A38FB18CE91D700986299 /* CoreGraphics.framework */ = {isa = PBXFileReference; lastKnownFileType = wrapper.framework; name = CoreGraphics.framework; path = System/Library/Frameworks/CoreGraphics.framework; sourceTree = SDKROOT; };
		556A38FD18CE91D700986299 /* UIKit.framework */ = {isa = PBXFileReference; lastKnownFileType = wrapper.framework; name = UIKit.framework; path = System/Library/Frameworks/UIKit.framework; sourceTree = SDKROOT; };
		556A390118CE91D700986299 /* FuzzTestBasic-Info.plist */ = {isa = PBXFileReference; lastKnownFileType = text.plist.xml; path = "FuzzTestBasic-Info.plist"; sourceTree = "<group>"; };
		556A390318CE91D700986299 /* en */ = {isa = PBXFileReference; lastKnownFileType = text.plist.strings; name = en; path = en.lproj/InfoPlist.strings; sourceTree = "<group>"; };
		556A390518CE91D700986299 /* main.m */ = {isa = PBXFileReference; lastKnownFileType = sourcecode.c.objc; path = main.m; sourceTree = "<group>"; };
		556A390718CE91D700986299 /* FuzzTestBasic-Prefix.pch */ = {isa = PBXFileReference; lastKnownFileType = sourcecode.c.h; path = "FuzzTestBasic-Prefix.pch"; sourceTree = "<group>"; };
		556A390818CE91D700986299 /* FTBAppDelegate.h */ = {isa = PBXFileReference; lastKnownFileType = sourcecode.c.h; path = FTBAppDelegate.h; sourceTree = "<group>"; };
		556A390918CE91D700986299 /* FTBAppDelegate.m */ = {isa = PBXFileReference; lastKnownFileType = sourcecode.c.objc; path = FTBAppDelegate.m; sourceTree = "<group>"; };
		556A390C18CE91D700986299 /* Base */ = {isa = PBXFileReference; lastKnownFileType = file.storyboard; name = Base; path = Base.lproj/Main.storyboard; sourceTree = "<group>"; };
		556A391418CE91D700986299 /* Images.xcassets */ = {isa = PBXFileReference; lastKnownFileType = folder.assetcatalog; path = Images.xcassets; sourceTree = "<group>"; };
		556A391A18CE91D700986299 /* FuzzTestBasicTests.xctest */ = {isa = PBXFileReference; explicitFileType = wrapper.cfbundle; includeInIndex = 0; path = FuzzTestBasicTests.xctest; sourceTree = BUILT_PRODUCTS_DIR; };
		556A391B18CE91D700986299 /* XCTest.framework */ = {isa = PBXFileReference; lastKnownFileType = wrapper.framework; name = XCTest.framework; path = Library/Frameworks/XCTest.framework; sourceTree = DEVELOPER_DIR; };
		556A392318CE91D700986299 /* FuzzTestBasicTests-Info.plist */ = {isa = PBXFileReference; lastKnownFileType = text.plist.xml; path = "FuzzTestBasicTests-Info.plist"; sourceTree = "<group>"; };
		556A392518CE91D700986299 /* en */ = {isa = PBXFileReference; lastKnownFileType = text.plist.strings; name = en; path = en.lproj/InfoPlist.strings; sourceTree = "<group>"; };
		556A392718CE91D700986299 /* FuzzTestBasicTests.m */ = {isa = PBXFileReference; lastKnownFileType = sourcecode.c.objc; path = FuzzTestBasicTests.m; sourceTree = "<group>"; };
		559C9F0318D17311002ACB61 /* FTBTextTableViewController.h */ = {isa = PBXFileReference; fileEncoding = 4; lastKnownFileType = sourcecode.c.h; name = FTBTextTableViewController.h; path = Controllers/FTBTextTableViewController.h; sourceTree = "<group>"; };
		559C9F0418D17311002ACB61 /* FTBTextTableViewController.m */ = {isa = PBXFileReference; fileEncoding = 4; lastKnownFileType = sourcecode.c.objc; name = FTBTextTableViewController.m; path = Controllers/FTBTextTableViewController.m; sourceTree = "<group>"; };
		559C9F0618D1735C002ACB61 /* FTBPhotoTableViewController.h */ = {isa = PBXFileReference; fileEncoding = 4; lastKnownFileType = sourcecode.c.h; path = FTBPhotoTableViewController.h; sourceTree = "<group>"; };
		559C9F0718D1735C002ACB61 /* FTBPhotoTableViewController.m */ = {isa = PBXFileReference; fileEncoding = 4; lastKnownFileType = sourcecode.c.objc; path = FTBPhotoTableViewController.m; sourceTree = "<group>"; };
		559C9F0918D179D8002ACB61 /* FTBPhotoCell.h */ = {isa = PBXFileReference; fileEncoding = 4; lastKnownFileType = sourcecode.c.h; name = FTBPhotoCell.h; path = Views/FTBPhotoCell.h; sourceTree = "<group>"; };
		559C9F0A18D179D8002ACB61 /* FTBPhotoCell.m */ = {isa = PBXFileReference; fileEncoding = 4; lastKnownFileType = sourcecode.c.objc; name = FTBPhotoCell.m; path = Views/FTBPhotoCell.m; sourceTree = "<group>"; };
		559C9F0B18D179D8002ACB61 /* FTBTextContentCell.h */ = {isa = PBXFileReference; fileEncoding = 4; lastKnownFileType = sourcecode.c.h; name = FTBTextContentCell.h; path = Views/FTBTextContentCell.h; sourceTree = "<group>"; };
		559C9F0C18D179D8002ACB61 /* FTBTextContentCell.m */ = {isa = PBXFileReference; fileEncoding = 4; lastKnownFileType = sourcecode.c.objc; name = FTBTextContentCell.m; path = Views/FTBTextContentCell.m; sourceTree = "<group>"; };
		55DE516C18CF671C000E9F5B /* DCMCoreDataManager.h */ = {isa = PBXFileReference; fileEncoding = 4; lastKnownFileType = sourcecode.c.h; path = DCMCoreDataManager.h; sourceTree = "<group>"; };
		55DE516D18CF671C000E9F5B /* DCMCoreDataManager.m */ = {isa = PBXFileReference; fileEncoding = 4; lastKnownFileType = sourcecode.c.objc; path = DCMCoreDataManager.m; sourceTree = "<group>"; };
		55DE516E18CF671C000E9F5B /* DCMWebTransfer.m */ = {isa = PBXFileReference; fileEncoding = 4; lastKnownFileType = sourcecode.c.objc; path = DCMWebTransfer.m; sourceTree = "<group>"; };
		55DE516F18CF671C000E9F5B /* DCMWebTransfer.h */ = {isa = PBXFileReference; fileEncoding = 4; lastKnownFileType = sourcecode.c.h; path = DCMWebTransfer.h; sourceTree = "<group>"; };
		55DE517318CF67A1000E9F5B /* FuzzTestBasic.xcdatamodel */ = {isa = PBXFileReference; lastKnownFileType = wrapper.xcdatamodel; path = FuzzTestBasic.xcdatamodel; sourceTree = "<group>"; };
		55DE517518CF6931000E9F5B /* FTBConstants.h */ = {isa = PBXFileReference; fileEncoding = 4; lastKnownFileType = sourcecode.c.h; path = FTBConstants.h; sourceTree = "<group>"; };
		55DE517818CF7DBD000E9F5B /* FTB_ALLTableViewController.h */ = {isa = PBXFileReference; fileEncoding = 4; lastKnownFileType = sourcecode.c.h; name = FTB_ALLTableViewController.h; path = Controllers/FTB_ALLTableViewController.h; sourceTree = "<group>"; };
		55DE517918CF7DBD000E9F5B /* FTB_ALLTableViewController.m */ = {isa = PBXFileReference; fileEncoding = 4; lastKnownFileType = sourcecode.c.objc; name = FTB_ALLTableViewController.m; path = Controllers/FTB_ALLTableViewController.m; sourceTree = "<group>"; };
		55DE518018CF979B000E9F5B /* FTBAllContentCell.h */ = {isa = PBXFileReference; fileEncoding = 4; lastKnownFileType = sourcecode.c.h; name = FTBAllContentCell.h; path = Views/FTBAllContentCell.h; sourceTree = "<group>"; };
		55DE518118CF979B000E9F5B /* FTBAllContentCell.m */ = {isa = PBXFileReference; fileEncoding = 4; lastKnownFileType = sourcecode.c.objc; name = FTBAllContentCell.m; path = Views/FTBAllContentCell.m; sourceTree = "<group>"; };
/* End PBXFileReference section */

/* Begin PBXFrameworksBuildPhase section */
		556A38F318CE91D700986299 /* Frameworks */ = {
			isa = PBXFrameworksBuildPhase;
			buildActionMask = 2147483647;
			files = (
				556A38FC18CE91D700986299 /* CoreGraphics.framework in Frameworks */,
				556A38FE18CE91D700986299 /* UIKit.framework in Frameworks */,
				556A38FA18CE91D700986299 /* Foundation.framework in Frameworks */,
			);
			runOnlyForDeploymentPostprocessing = 0;
		};
		556A391718CE91D700986299 /* Frameworks */ = {
			isa = PBXFrameworksBuildPhase;
			buildActionMask = 2147483647;
			files = (
				556A391C18CE91D700986299 /* XCTest.framework in Frameworks */,
				556A391E18CE91D700986299 /* UIKit.framework in Frameworks */,
				556A391D18CE91D700986299 /* Foundation.framework in Frameworks */,
			);
			runOnlyForDeploymentPostprocessing = 0;
		};
/* End PBXFrameworksBuildPhase section */

/* Begin PBXGroup section */
		556A38ED18CE91D700986299 = {
			isa = PBXGroup;
			children = (
				556A38FF18CE91D700986299 /* FuzzTestBasic */,
				556A392118CE91D700986299 /* FuzzTestBasicTests */,
				556A38F818CE91D700986299 /* Frameworks */,
				556A38F718CE91D700986299 /* Products */,
			);
			sourceTree = "<group>";
		};
		556A38F718CE91D700986299 /* Products */ = {
			isa = PBXGroup;
			children = (
				556A38F618CE91D700986299 /* FuzzTestBasic.app */,
				556A391A18CE91D700986299 /* FuzzTestBasicTests.xctest */,
			);
			name = Products;
			sourceTree = "<group>";
		};
		556A38F818CE91D700986299 /* Frameworks */ = {
			isa = PBXGroup;
			children = (
				556A38F918CE91D700986299 /* Foundation.framework */,
				556A38FB18CE91D700986299 /* CoreGraphics.framework */,
				556A38FD18CE91D700986299 /* UIKit.framework */,
				556A391B18CE91D700986299 /* XCTest.framework */,
			);
			name = Frameworks;
			sourceTree = "<group>";
		};
		556A38FF18CE91D700986299 /* FuzzTestBasic */ = {
			isa = PBXGroup;
			children = (
				55DE517F18CF9766000E9F5B /* Views */,
				556A390B18CE91D700986299 /* Main.storyboard */,
				55DE517B18CF7DCC000E9F5B /* Controllers */,
				556A390818CE91D700986299 /* FTBAppDelegate.h */,
				556A390918CE91D700986299 /* FTBAppDelegate.m */,
				55DE516C18CF671C000E9F5B /* DCMCoreDataManager.h */,
				55DE516D18CF671C000E9F5B /* DCMCoreDataManager.m */,
				556A391418CE91D700986299 /* Images.xcassets */,
				556A390018CE91D700986299 /* Supporting Files */,
				55DE517218CF67A1000E9F5B /* FuzzTestBasic.xcdatamodeld */,
			);
			path = FuzzTestBasic;
			sourceTree = "<group>";
		};
		556A390018CE91D700986299 /* Supporting Files */ = {
			isa = PBXGroup;
			children = (
				55DE517518CF6931000E9F5B /* FTBConstants.h */,
				556A390118CE91D700986299 /* FuzzTestBasic-Info.plist */,
				556A390218CE91D700986299 /* InfoPlist.strings */,
				556A390518CE91D700986299 /* main.m */,
				556A390718CE91D700986299 /* FuzzTestBasic-Prefix.pch */,
			);
			name = "Supporting Files";
			sourceTree = "<group>";
		};
		556A392118CE91D700986299 /* FuzzTestBasicTests */ = {
			isa = PBXGroup;
			children = (
				556A392718CE91D700986299 /* FuzzTestBasicTests.m */,
				556A392218CE91D700986299 /* Supporting Files */,
			);
			path = FuzzTestBasicTests;
			sourceTree = "<group>";
		};
		556A392218CE91D700986299 /* Supporting Files */ = {
			isa = PBXGroup;
			children = (
				556A392318CE91D700986299 /* FuzzTestBasicTests-Info.plist */,
				556A392418CE91D700986299 /* InfoPlist.strings */,
			);
			name = "Supporting Files";
			sourceTree = "<group>";
		};
		55DE517B18CF7DCC000E9F5B /* Controllers */ = {
			isa = PBXGroup;
			children = (
				55DE516E18CF671C000E9F5B /* DCMWebTransfer.m */,
				55DE516F18CF671C000E9F5B /* DCMWebTransfer.h */,
				555ADD5618D0423800B82AFD /* FTBImageWebTransfer.h */,
				555ADD5718D042B700B82AFD /* FTBImageWebTransfer.m */,
				55DE517818CF7DBD000E9F5B /* FTB_ALLTableViewController.h */,
				55DE517918CF7DBD000E9F5B /* FTB_ALLTableViewController.m */,
				559C9F0318D17311002ACB61 /* FTBTextTableViewController.h */,
				559C9F0418D17311002ACB61 /* FTBTextTableViewController.m */,
				555ADD5318CFDC4F00B82AFD /* FTBWebViewController.h */,
				555ADD5418CFDC4F00B82AFD /* FTBWebViewController.m */,
				559C9F0618D1735C002ACB61 /* FTBPhotoTableViewController.h */,
				559C9F0718D1735C002ACB61 /* FTBPhotoTableViewController.m */,
			);
			name = Controllers;
			sourceTree = "<group>";
		};
		55DE517F18CF9766000E9F5B /* Views */ = {
			isa = PBXGroup;
			children = (
				559C9F0918D179D8002ACB61 /* FTBPhotoCell.h */,
				559C9F0A18D179D8002ACB61 /* FTBPhotoCell.m */,
				559C9F0B18D179D8002ACB61 /* FTBTextContentCell.h */,
				559C9F0C18D179D8002ACB61 /* FTBTextContentCell.m */,
				55DE518018CF979B000E9F5B /* FTBAllContentCell.h */,
				55DE518118CF979B000E9F5B /* FTBAllContentCell.m */,
			);
			name = Views;
			sourceTree = "<group>";
		};
/* End PBXGroup section */

/* Begin PBXNativeTarget section */
		556A38F518CE91D700986299 /* FuzzTestBasic */ = {
			isa = PBXNativeTarget;
			buildConfigurationList = 556A392B18CE91D700986299 /* Build configuration list for PBXNativeTarget "FuzzTestBasic" */;
			buildPhases = (
				556A38F218CE91D700986299 /* Sources */,
				556A38F318CE91D700986299 /* Frameworks */,
				556A38F418CE91D700986299 /* Resources */,
			);
			buildRules = (
			);
			dependencies = (
			);
			name = FuzzTestBasic;
			productName = FuzzTestBasic;
			productReference = 556A38F618CE91D700986299 /* FuzzTestBasic.app */;
			productType = "com.apple.product-type.application";
		};
		556A391918CE91D700986299 /* FuzzTestBasicTests */ = {
			isa = PBXNativeTarget;
			buildConfigurationList = 556A392E18CE91D700986299 /* Build configuration list for PBXNativeTarget "FuzzTestBasicTests" */;
			buildPhases = (
				556A391618CE91D700986299 /* Sources */,
				556A391718CE91D700986299 /* Frameworks */,
				556A391818CE91D700986299 /* Resources */,
			);
			buildRules = (
			);
			dependencies = (
				556A392018CE91D700986299 /* PBXTargetDependency */,
			);
			name = FuzzTestBasicTests;
			productName = FuzzTestBasicTests;
			productReference = 556A391A18CE91D700986299 /* FuzzTestBasicTests.xctest */;
			productType = "com.apple.product-type.bundle.unit-test";
		};
/* End PBXNativeTarget section */

/* Begin PBXProject section */
		556A38EE18CE91D700986299 /* Project object */ = {
			isa = PBXProject;
			attributes = {
				CLASSPREFIX = FTB;
				LastUpgradeCheck = 0500;
				ORGANIZATIONNAME = "David Moreland";
				TargetAttributes = {
					556A38F518CE91D700986299 = {
						DevelopmentTeam = QZJ2GF69ZP;
					};
					556A391918CE91D700986299 = {
						TestTargetID = 556A38F518CE91D700986299;
					};
				};
			};
			buildConfigurationList = 556A38F118CE91D700986299 /* Build configuration list for PBXProject "FuzzTestBasic" */;
			compatibilityVersion = "Xcode 3.2";
			developmentRegion = English;
			hasScannedForEncodings = 0;
			knownRegions = (
				en,
				Base,
			);
			mainGroup = 556A38ED18CE91D700986299;
			productRefGroup = 556A38F718CE91D700986299 /* Products */;
			projectDirPath = "";
			projectRoot = "";
			targets = (
				556A38F518CE91D700986299 /* FuzzTestBasic */,
				556A391918CE91D700986299 /* FuzzTestBasicTests */,
			);
		};
/* End PBXProject section */

/* Begin PBXResourcesBuildPhase section */
		556A38F418CE91D700986299 /* Resources */ = {
			isa = PBXResourcesBuildPhase;
			buildActionMask = 2147483647;
			files = (
				556A391518CE91D700986299 /* Images.xcassets in Resources */,
				556A390418CE91D700986299 /* InfoPlist.strings in Resources */,
				556A390D18CE91D700986299 /* Main.storyboard in Resources */,
			);
			runOnlyForDeploymentPostprocessing = 0;
		};
		556A391818CE91D700986299 /* Resources */ = {
			isa = PBXResourcesBuildPhase;
			buildActionMask = 2147483647;
			files = (
				556A392618CE91D700986299 /* InfoPlist.strings in Resources */,
			);
			runOnlyForDeploymentPostprocessing = 0;
		};
/* End PBXResourcesBuildPhase section */

/* Begin PBXSourcesBuildPhase section */
		556A38F218CE91D700986299 /* Sources */ = {
			isa = PBXSourcesBuildPhase;
			buildActionMask = 2147483647;
			files = (
				559C9F0E18D179D8002ACB61 /* FTBTextContentCell.m in Sources */,
				55DE517418CF67A1000E9F5B /* FuzzTestBasic.xcdatamodeld in Sources */,
				559C9F0518D17311002ACB61 /* FTBTextTableViewController.m in Sources */,
				556A390618CE91D700986299 /* main.m in Sources */,
				555ADD5518CFDC4F00B82AFD /* FTBWebViewController.m in Sources */,
				55DE517A18CF7DBD000E9F5B /* FTB_ALLTableViewController.m in Sources */,
				556A390A18CE91D700986299 /* FTBAppDelegate.m in Sources */,
				559C9F0818D1735C002ACB61 /* FTBPhotoTableViewController.m in Sources */,
				559C9F0D18D179D8002ACB61 /* FTBPhotoCell.m in Sources */,
				555ADD5818D042B700B82AFD /* FTBImageWebTransfer.m in Sources */,
				55DE517118CF671C000E9F5B /* DCMWebTransfer.m in Sources */,
				55DE518218CF979B000E9F5B /* FTBAllContentCell.m in Sources */,
				55DE517018CF671C000E9F5B /* DCMCoreDataManager.m in Sources */,
			);
			runOnlyForDeploymentPostprocessing = 0;
		};
		556A391618CE91D700986299 /* Sources */ = {
			isa = PBXSourcesBuildPhase;
			buildActionMask = 2147483647;
			files = (
				556A392818CE91D700986299 /* FuzzTestBasicTests.m in Sources */,
			);
			runOnlyForDeploymentPostprocessing = 0;
		};
/* End PBXSourcesBuildPhase section */

/* Begin PBXTargetDependency section */
		556A392018CE91D700986299 /* PBXTargetDependency */ = {
			isa = PBXTargetDependency;
			target = 556A38F518CE91D700986299 /* FuzzTestBasic */;
			targetProxy = 556A391F18CE91D700986299 /* PBXContainerItemProxy */;
		};
/* End PBXTargetDependency section */

/* Begin PBXVariantGroup section */
		556A390218CE91D700986299 /* InfoPlist.strings */ = {
			isa = PBXVariantGroup;
			children = (
				556A390318CE91D700986299 /* en */,
			);
			name = InfoPlist.strings;
			sourceTree = "<group>";
		};
		556A390B18CE91D700986299 /* Main.storyboard */ = {
			isa = PBXVariantGroup;
			children = (
				556A390C18CE91D700986299 /* Base */,
			);
			name = Main.storyboard;
			sourceTree = "<group>";
		};
		556A392418CE91D700986299 /* InfoPlist.strings */ = {
			isa = PBXVariantGroup;
			children = (
				556A392518CE91D700986299 /* en */,
			);
			name = InfoPlist.strings;
			sourceTree = "<group>";
		};
/* End PBXVariantGroup section */

/* Begin XCBuildConfiguration section */
		556A392918CE91D700986299 /* Debug */ = {
			isa = XCBuildConfiguration;
			buildSettings = {
				ALWAYS_SEARCH_USER_PATHS = NO;
				ARCHS = "$(ARCHS_STANDARD_INCLUDING_64_BIT)";
				CLANG_CXX_LANGUAGE_STANDARD = "gnu++0x";
				CLANG_CXX_LIBRARY = "libc++";
				CLANG_ENABLE_MODULES = YES;
				CLANG_ENABLE_OBJC_ARC = YES;
				CLANG_WARN_BOOL_CONVERSION = YES;
				CLANG_WARN_CONSTANT_CONVERSION = YES;
				CLANG_WARN_DIRECT_OBJC_ISA_USAGE = YES_ERROR;
				CLANG_WARN_EMPTY_BODY = YES;
				CLANG_WARN_ENUM_CONVERSION = YES;
				CLANG_WARN_INT_CONVERSION = YES;
				CLANG_WARN_OBJC_ROOT_CLASS = YES_ERROR;
				CLANG_WARN__DUPLICATE_METHOD_MATCH = YES;
				"CODE_SIGN_IDENTITY[sdk=iphoneos*]" = "iPhone Developer";
				COPY_PHASE_STRIP = NO;
				GCC_C_LANGUAGE_STANDARD = gnu99;
				GCC_DYNAMIC_NO_PIC = NO;
				GCC_OPTIMIZATION_LEVEL = 0;
				GCC_PREPROCESSOR_DEFINITIONS = (
					"DEBUG=1",
					"$(inherited)",
				);
				GCC_SYMBOLS_PRIVATE_EXTERN = NO;
				GCC_WARN_64_TO_32_BIT_CONVERSION = YES;
				GCC_WARN_ABOUT_RETURN_TYPE = YES_ERROR;
				GCC_WARN_UNDECLARED_SELECTOR = YES;
				GCC_WARN_UNINITIALIZED_AUTOS = YES;
				GCC_WARN_UNUSED_FUNCTION = YES;
				GCC_WARN_UNUSED_VARIABLE = YES;
				IPHONEOS_DEPLOYMENT_TARGET = 7.0;
				ONLY_ACTIVE_ARCH = YES;
				SDKROOT = iphoneos;
			};
			name = Debug;
		};
		556A392A18CE91D700986299 /* Release */ = {
			isa = XCBuildConfiguration;
			buildSettings = {
				ALWAYS_SEARCH_USER_PATHS = NO;
				ARCHS = "$(ARCHS_STANDARD_INCLUDING_64_BIT)";
				CLANG_CXX_LANGUAGE_STANDARD = "gnu++0x";
				CLANG_CXX_LIBRARY = "libc++";
				CLANG_ENABLE_MODULES = YES;
				CLANG_ENABLE_OBJC_ARC = YES;
				CLANG_WARN_BOOL_CONVERSION = YES;
				CLANG_WARN_CONSTANT_CONVERSION = YES;
				CLANG_WARN_DIRECT_OBJC_ISA_USAGE = YES_ERROR;
				CLANG_WARN_EMPTY_BODY = YES;
				CLANG_WARN_ENUM_CONVERSION = YES;
				CLANG_WARN_INT_CONVERSION = YES;
				CLANG_WARN_OBJC_ROOT_CLASS = YES_ERROR;
				CLANG_WARN__DUPLICATE_METHOD_MATCH = YES;
				"CODE_SIGN_IDENTITY[sdk=iphoneos*]" = "iPhone Developer";
				COPY_PHASE_STRIP = YES;
				ENABLE_NS_ASSERTIONS = NO;
				GCC_C_LANGUAGE_STANDARD = gnu99;
				GCC_WARN_64_TO_32_BIT_CONVERSION = YES;
				GCC_WARN_ABOUT_RETURN_TYPE = YES_ERROR;
				GCC_WARN_UNDECLARED_SELECTOR = YES;
				GCC_WARN_UNINITIALIZED_AUTOS = YES;
				GCC_WARN_UNUSED_FUNCTION = YES;
				GCC_WARN_UNUSED_VARIABLE = YES;
				IPHONEOS_DEPLOYMENT_TARGET = 7.0;
				SDKROOT = iphoneos;
				VALIDATE_PRODUCT = YES;
			};
			name = Release;
		};
		556A392C18CE91D700986299 /* Debug */ = {
			isa = XCBuildConfiguration;
			buildSettings = {
				ASSETCATALOG_COMPILER_APPICON_NAME = AppIcon;
				ASSETCATALOG_COMPILER_LAUNCHIMAGE_NAME = LaunchImage;
				CODE_SIGN_IDENTITY = "iPhone Developer";
				GCC_PRECOMPILE_PREFIX_HEADER = YES;
				GCC_PREFIX_HEADER = "FuzzTestBasic/FuzzTestBasic-Prefix.pch";
				INFOPLIST_FILE = "FuzzTestBasic/FuzzTestBasic-Info.plist";
				PRODUCT_NAME = "$(TARGET_NAME)";
				WRAPPER_EXTENSION = app;
			};
			name = Debug;
		};
		556A392D18CE91D700986299 /* Release */ = {
			isa = XCBuildConfiguration;
			buildSettings = {
				ASSETCATALOG_COMPILER_APPICON_NAME = AppIcon;
				ASSETCATALOG_COMPILER_LAUNCHIMAGE_NAME = LaunchImage;
				CODE_SIGN_IDENTITY = "iPhone Developer";
				GCC_PRECOMPILE_PREFIX_HEADER = YES;
				GCC_PREFIX_HEADER = "FuzzTestBasic/FuzzTestBasic-Prefix.pch";
				INFOPLIST_FILE = "FuzzTestBasic/FuzzTestBasic-Info.plist";
				PRODUCT_NAME = "$(TARGET_NAME)";
				WRAPPER_EXTENSION = app;
			};
			name = Release;
		};
		556A392F18CE91D700986299 /* Debug */ = {
			isa = XCBuildConfiguration;
			buildSettings = {
				ARCHS = "$(ARCHS_STANDARD_INCLUDING_64_BIT)";
				BUNDLE_LOADER = "$(BUILT_PRODUCTS_DIR)/FuzzTestBasic.app/FuzzTestBasic";
				FRAMEWORK_SEARCH_PATHS = (
					"$(SDKROOT)/Developer/Library/Frameworks",
					"$(inherited)",
					"$(DEVELOPER_FRAMEWORKS_DIR)",
				);
				GCC_PRECOMPILE_PREFIX_HEADER = YES;
				GCC_PREFIX_HEADER = "FuzzTestBasic/FuzzTestBasic-Prefix.pch";
				GCC_PREPROCESSOR_DEFINITIONS = (
					"DEBUG=1",
					"$(inherited)",
				);
				INFOPLIST_FILE = "FuzzTestBasicTests/FuzzTestBasicTests-Info.plist";
				PRODUCT_NAME = "$(TARGET_NAME)";
				TEST_HOST = "$(BUNDLE_LOADER)";
				WRAPPER_EXTENSION = xctest;
			};
			name = Debug;
		};
		556A393018CE91D700986299 /* Release */ = {
			isa = XCBuildConfiguration;
			buildSettings = {
				ARCHS = "$(ARCHS_STANDARD_INCLUDING_64_BIT)";
				BUNDLE_LOADER = "$(BUILT_PRODUCTS_DIR)/FuzzTestBasic.app/FuzzTestBasic";
				FRAMEWORK_SEARCH_PATHS = (
					"$(SDKROOT)/Developer/Library/Frameworks",
					"$(inherited)",
					"$(DEVELOPER_FRAMEWORKS_DIR)",
				);
				GCC_PRECOMPILE_PREFIX_HEADER = YES;
				GCC_PREFIX_HEADER = "FuzzTestBasic/FuzzTestBasic-Prefix.pch";
				INFOPLIST_FILE = "FuzzTestBasicTests/FuzzTestBasicTests-Info.plist";
				PRODUCT_NAME = "$(TARGET_NAME)";
				TEST_HOST = "$(BUNDLE_LOADER)";
				WRAPPER_EXTENSION = xctest;
			};
			name = Release;
		};
/* End XCBuildConfiguration section */

/* Begin XCConfigurationList section */
		556A38F118CE91D700986299 /* Build configuration list for PBXProject "FuzzTestBasic" */ = {
			isa = XCConfigurationList;
			buildConfigurations = (
				556A392918CE91D700986299 /* Debug */,
				556A392A18CE91D700986299 /* Release */,
			);
			defaultConfigurationIsVisible = 0;
			defaultConfigurationName = Release;
		};
		556A392B18CE91D700986299 /* Build configuration list for PBXNativeTarget "FuzzTestBasic" */ = {
			isa = XCConfigurationList;
			buildConfigurations = (
				556A392C18CE91D700986299 /* Debug */,
				556A392D18CE91D700986299 /* Release */,
			);
			defaultConfigurationIsVisible = 0;
			defaultConfigurationName = Release;
		};
		556A392E18CE91D700986299 /* Build configuration list for PBXNativeTarget "FuzzTestBasicTests" */ = {
			isa = XCConfigurationList;
			buildConfigurations = (
				556A392F18CE91D700986299 /* Debug */,
				556A393018CE91D700986299 /* Release */,
			);
			defaultConfigurationIsVisible = 0;
			defaultConfigurationName = Release;
		};
/* End XCConfigurationList section */

/* Begin XCVersionGroup section */
		55DE517218CF67A1000E9F5B /* FuzzTestBasic.xcdatamodeld */ = {
			isa = XCVersionGroup;
			children = (
				55DE517318CF67A1000E9F5B /* FuzzTestBasic.xcdatamodel */,
			);
			currentVersion = 55DE517318CF67A1000E9F5B /* FuzzTestBasic.xcdatamodel */;
			name = FuzzTestBasic.xcdatamodeld;
			path = Model/FuzzTestBasic.xcdatamodeld;
			sourceTree = "<group>";
			versionGroupType = wrapper.xcdatamodel;
		};
/* End XCVersionGroup section */
	};
	rootObject = 556A38EE18CE91D700986299 /* Project object */;
}
